
Microsoft Visual Studio Solution File, Format Version 12.00
# Visual Studio 15
VisualStudioVersion = 15.0.27130.2027
MinimumVisualStudioVersion = 10.0.40219.1
Project("{9A19103F-16F7-4668-BE54-9A1E7A4F7556}") = "SimpleInjector.Extras.DynamicProxy", "SimpleInjector.Extras.DynamicProxy\SimpleInjector.Extras.DynamicProxy.csproj", "{1D24FA80-601B-4CA6-9616-204D39EA8476}"
EndProject
Project("{FAE04EC0-301F-11D3-BF4B-00C04F79EFBC}") = "SimpleInjector.Extras.DynamicProxy.Tests", "SimpleInjector.Extras.DynamicProxy.Tests\SimpleInjector.Extras.DynamicProxy.Tests.csproj", "{9423555B-A1E1-4EB0-8776-B1E405A88D72}"
EndProject
Project("{FAE04EC0-301F-11D3-BF4B-00C04F79EFBC}") = "SimpleInjector.Extras.DynamicProxy.Net45", "SimpleInjector.Extras.DynamicProxy.Net45\SimpleInjector.Extras.DynamicProxy.Net45.csproj", "{7BDA20A4-A1C9-4ED3-8391-028FDB0A31DD}"
EndProject
Project("{FAE04EC0-301F-11D3-BF4B-00C04F79EFBC}") = "SimpleInjector.Extras.DynamicProxy.Net45.Tests", "SimpleInjector.Extras.DynamicProxy.Net45.Tests\SimpleInjector.Extras.DynamicProxy.Net45.Tests.csproj", "{29561CAA-ACEE-4549-9E36-EDC323809325}"
EndProject
Global
	GlobalSection(SolutionConfigurationPlatforms) = preSolution
		Debug|Any CPU = Debug|Any CPU
		Release|Any CPU = Release|Any CPU
	EndGlobalSection
	GlobalSection(ProjectConfigurationPlatforms) = postSolution
		{1D24FA80-601B-4CA6-9616-204D39EA8476}.Debug|Any CPU.ActiveCfg = Debug|Any CPU
		{1D24FA80-601B-4CA6-9616-204D39EA8476}.Debug|Any CPU.Build.0 = Debug|Any CPU
		{1D24FA80-601B-4CA6-9616-204D39EA8476}.Release|Any CPU.ActiveCfg = Release|Any CPU
		{1D24FA80-601B-4CA6-9616-204D39EA8476}.Release|Any CPU.Build.0 = Release|Any CPU
		{9423555B-A1E1-4EB0-8776-B1E405A88D72}.Debug|Any CPU.ActiveCfg = Debug|Any CPU
		{9423555B-A1E1-4EB0-8776-B1E405A88D72}.Debug|Any CPU.Build.0 = Debug|Any CPU
		{9423555B-A1E1-4EB0-8776-B1E405A88D72}.Release|Any CPU.ActiveCfg = Release|Any CPU
		{9423555B-A1E1-4EB0-8776-B1E405A88D72}.Release|Any CPU.Build.0 = Release|Any CPU
		{7BDA20A4-A1C9-4ED3-8391-028FDB0A31DD}.Debug|Any CPU.ActiveCfg = Debug|Any CPU
		{7BDA20A4-A1C9-4ED3-8391-028FDB0A31DD}.Debug|Any CPU.Build.0 = Debug|Any CPU
		{7BDA20A4-A1C9-4ED3-8391-028FDB0A31DD}.Release|Any CPU.ActiveCfg = Release|Any CPU
		{7BDA20A4-A1C9-4ED3-8391-028FDB0A31DD}.Release|Any CPU.Build.0 = Release|Any CPU
		{29561CAA-ACEE-4549-9E36-EDC323809325}.Debug|Any CPU.ActiveCfg = Debug|Any CPU
		{29561CAA-ACEE-4549-9E36-EDC323809325}.Debug|Any CPU.Build.0 = Debug|Any CPU
		{29561CAA-ACEE-4549-9E36-EDC323809325}.Release|Any CPU.ActiveCfg = Release|Any CPU
		{29561CAA-ACEE-4549-9E36-EDC323809325}.Release|Any CPU.Build.0 = Release|Any CPU
	EndGlobalSection
	GlobalSection(SolutionProperties) = preSolution
		HideSolutionNode = FALSE
	EndGlobalSection
	GlobalSection(ExtensibilityGlobals) = postSolution
		SolutionGuid = {4D6743F3-A589-4D9C-9590-F4839DDADD29}
	EndGlobalSection
EndGlobal
